
Microsoft Visual Studio Solution File, Format Version 12.00
# Visual Studio Version 16
VisualStudioVersion = 16.0.32228.343
MinimumVisualStudioVersion = 10.0.40219.1
Project("{FAE04EC0-301F-11D3-BF4B-00C04F79EFBC}") = "MailSendApi", "MailSendApi.csproj", "{49C38B28-57BE-4F49-997E-22D4B4200957}"
EndProject
Global
	GlobalSection(SolutionConfigurationPlatforms) = preSolution
		Debug|Any CPU = Debug|Any CPU
		Release|Any CPU = Release|Any CPU
	EndGlobalSection
	GlobalSection(ProjectConfigurationPlatforms) = postSolution
		{49C38B28-57BE-4F49-997E-22D4B4200957}.Debug|Any CPU.ActiveCfg = Debug|Any CPU
		{49C38B28-57BE-4F49-997E-22D4B4200957}.Debug|Any CPU.Build.0 = Debug|Any CPU
		{49C38B28-57BE-4F49-997E-22D4B4200957}.Release|Any CPU.ActiveCfg = Release|Any CPU
		{49C38B28-57BE-4F49-997E-22D4B4200957}.Release|Any CPU.Build.0 = Release|Any CPU
	EndGlobalSection
	GlobalSection(SolutionProperties) = preSolution
		HideSolutionNode = FALSE
	EndGlobalSection
	GlobalSection(ExtensibilityGlobals) = postSolution
		SolutionGuid = {E4BBC273-06DB-41FF-AD0E-97BB17524385}
	EndGlobalSection
EndGlobal
